// !$*UTF8*$!
{
	archiveVersion = 1;
	classes = {
	};
	objectVersion = 50;
	objects = {

/* Begin PBXBuildFile section */
		63B9FD0323F878F200009FBF /* AppDelegate.swift in Sources */ = {isa = PBXBuildFile; fileRef = 63B9FD0223F878F200009FBF /* AppDelegate.swift */; };
		63B9FD0523F878F200009FBF /* SceneDelegate.swift in Sources */ = {isa = PBXBuildFile; fileRef = 63B9FD0423F878F200009FBF /* SceneDelegate.swift */; };
		63B9FD0723F878F200009FBF /* ViewController.swift in Sources */ = {isa = PBXBuildFile; fileRef = 63B9FD0623F878F200009FBF /* ViewController.swift */; };
		63B9FD0A23F878F200009FBF /* Main.storyboard in Resources */ = {isa = PBXBuildFile; fileRef = 63B9FD0823F878F200009FBF /* Main.storyboard */; };
		63B9FD0C23F878F300009FBF /* Assets.xcassets in Resources */ = {isa = PBXBuildFile; fileRef = 63B9FD0B23F878F300009FBF /* Assets.xcassets */; };
		63B9FD0F23F878F300009FBF /* LaunchScreen.storyboard in Resources */ = {isa = PBXBuildFile; fileRef = 63B9FD0D23F878F300009FBF /* LaunchScreen.storyboard */; };
		63B9FD1A23F878F400009FBF /* FlashcardsTests.swift in Sources */ = {isa = PBXBuildFile; fileRef = 63B9FD1923F878F400009FBF /* FlashcardsTests.swift */; };
		63B9FD2523F878F400009FBF /* FlashcardsUITests.swift in Sources */ = {isa = PBXBuildFile; fileRef = 63B9FD2423F878F400009FBF /* FlashcardsUITests.swift */; };
		63FDCFF123FF41DD00ACFD32 /* snorlaxFinal.jpg in Resources */ = {isa = PBXBuildFile; fileRef = 63FDCFF023FF41DD00ACFD32 /* snorlaxFinal.jpg */; };
/* End PBXBuildFile section */

/* Begin PBXContainerItemProxy section */
		63B9FD1623F878F400009FBF /* PBXContainerItemProxy */ = {
			isa = PBXContainerItemProxy;
			containerPortal = 63B9FCF723F878F200009FBF /* Project object */;
			proxyType = 1;
			remoteGlobalIDString = 63B9FCFE23F878F200009FBF;
			remoteInfo = Flashcards;
		};
		63B9FD2123F878F400009FBF /* PBXContainerItemProxy */ = {
			isa = PBXContainerItemProxy;
			containerPortal = 63B9FCF723F878F200009FBF /* Project object */;
			proxyType = 1;
			remoteGlobalIDString = 63B9FCFE23F878F200009FBF;
			remoteInfo = Flashcards;
		};
/* End PBXContainerItemProxy section */

/* Begin PBXFileReference section */
		63B9FCFF23F878F200009FBF /* Flashcards.app */ = {isa = PBXFileReference; explicitFileType = wrapper.application; includeInIndex = 0; path = Flashcards.app; sourceTree = BUILT_PRODUCTS_DIR; };
		63B9FD0223F878F200009FBF /* AppDelegate.swift */ = {isa = PBXFileReference; lastKnownFileType = sourcecode.swift; path = AppDelegate.swift; sourceTree = "<group>"; };
		63B9FD0423F878F200009FBF /* SceneDelegate.swift */ = {isa = PBXFileReference; lastKnownFileType = sourcecode.swift; path = SceneDelegate.swift; sourceTree = "<group>"; };
		63B9FD0623F878F200009FBF /* ViewController.swift */ = {isa = PBXFileReference; lastKnownFileType = sourcecode.swift; path = ViewController.swift; sourceTree = "<group>"; };
		63B9FD0923F878F200009FBF /* Base */ = {isa = PBXFileReference; lastKnownFileType = file.storyboard; name = Base; path = Base.lproj/Main.storyboard; sourceTree = "<group>"; };
		63B9FD0B23F878F300009FBF /* Assets.xcassets */ = {isa = PBXFileReference; lastKnownFileType = folder.assetcatalog; path = Assets.xcassets; sourceTree = "<group>"; };
		63B9FD0E23F878F300009FBF /* Base */ = {isa = PBXFileReference; lastKnownFileType = file.storyboard; name = Base; path = Base.lproj/LaunchScreen.storyboard; sourceTree = "<group>"; };
		63B9FD1023F878F300009FBF /* Info.plist */ = {isa = PBXFileReference; lastKnownFileType = text.plist.xml; path = Info.plist; sourceTree = "<group>"; };
		63B9FD1523F878F400009FBF /* FlashcardsTests.xctest */ = {isa = PBXFileReference; explicitFileType = wrapper.cfbundle; includeInIndex = 0; path = FlashcardsTests.xctest; sourceTree = BUILT_PRODUCTS_DIR; };
		63B9FD1923F878F400009FBF /* FlashcardsTests.swift */ = {isa = PBXFileReference; lastKnownFileType = sourcecode.swift; path = FlashcardsTests.swift; sourceTree = "<group>"; };
		63B9FD1B23F878F400009FBF /* Info.plist */ = {isa = PBXFileReference; lastKnownFileType = text.plist.xml; path = Info.plist; sourceTree = "<group>"; };
		63B9FD2023F878F400009FBF /* FlashcardsUITests.xctest */ = {isa = PBXFileReference; explicitFileType = wrapper.cfbundle; includeInIndex = 0; path = FlashcardsUITests.xctest; sourceTree = BUILT_PRODUCTS_DIR; };
		63B9FD2423F878F400009FBF /* FlashcardsUITests.swift */ = {isa = PBXFileReference; lastKnownFileType = sourcecode.swift; path = FlashcardsUITests.swift; sourceTree = "<group>"; };
		63B9FD2623F878F400009FBF /* Info.plist */ = {isa = PBXFileReference; lastKnownFileType = text.plist.xml; path = Info.plist; sourceTree = "<group>"; };
		63FDCFF023FF41DD00ACFD32 /* snorlaxFinal.jpg */ = {isa = PBXFileReference; lastKnownFileType = image.jpeg; path = snorlaxFinal.jpg; sourceTree = "<group>"; };
/* End PBXFileReference section */

/* Begin PBXFrameworksBuildPhase section */
		63B9FCFC23F878F200009FBF /* Frameworks */ = {
			isa = PBXFrameworksBuildPhase;
			buildActionMask = 2147483647;
			files = (
			);
			runOnlyForDeploymentPostprocessing = 0;
		};
		63B9FD1223F878F400009FBF /* Frameworks */ = {
			isa = PBXFrameworksBuildPhase;
			buildActionMask = 2147483647;
			files = (
			);
			runOnlyForDeploymentPostprocessing = 0;
		};
		63B9FD1D23F878F400009FBF /* Frameworks */ = {
			isa = PBXFrameworksBuildPhase;
			buildActionMask = 2147483647;
			files = (
			);
			runOnlyForDeploymentPostprocessing = 0;
		};
/* End PBXFrameworksBuildPhase section */

/* Begin PBXGroup section */
		63B9FCF623F878F200009FBF = {
			isa = PBXGroup;
			children = (
				63B9FD0123F878F200009FBF /* Flashcards */,
				63B9FD1823F878F400009FBF /* FlashcardsTests */,
				63B9FD2323F878F400009FBF /* FlashcardsUITests */,
				63B9FD0023F878F200009FBF /* Products */,
			);
			sourceTree = "<group>";
		};
		63B9FD0023F878F200009FBF /* Products */ = {
			isa = PBXGroup;
			children = (
				63B9FCFF23F878F200009FBF /* Flashcards.app */,
				63B9FD1523F878F400009FBF /* FlashcardsTests.xctest */,
				63B9FD2023F878F400009FBF /* FlashcardsUITests.xctest */,
			);
			name = Products;
			sourceTree = "<group>";
		};
		63B9FD0123F878F200009FBF /* Flashcards */ = {
			isa = PBXGroup;
			children = (
				63B9FD0223F878F200009FBF /* AppDelegate.swift */,
				63B9FD0423F878F200009FBF /* SceneDelegate.swift */,
				63B9FD0623F878F200009FBF /* ViewController.swift */,
				63B9FD0823F878F200009FBF /* Main.storyboard */,
				63FDCFF023FF41DD00ACFD32 /* snorlaxFinal.jpg */,
				63B9FD0B23F878F300009FBF /* Assets.xcassets */,
				63B9FD0D23F878F300009FBF /* LaunchScreen.storyboard */,
				63B9FD1023F878F300009FBF /* Info.plist */,
			);
			path = Flashcards;
			sourceTree = "<group>";
		};
		63B9FD1823F878F400009FBF /* FlashcardsTests */ = {
			isa = PBXGroup;
			children = (
				63B9FD1923F878F400009FBF /* FlashcardsTests.swift */,
				63B9FD1B23F878F400009FBF /* Info.plist */,
			);
			path = FlashcardsTests;
			sourceTree = "<group>";
		};
		63B9FD2323F878F400009FBF /* FlashcardsUITests */ = {
			isa = PBXGroup;
			children = (
				63B9FD2423F878F400009FBF /* FlashcardsUITests.swift */,
				63B9FD2623F878F400009FBF /* Info.plist */,
			);
			path = FlashcardsUITests;
			sourceTree = "<group>";
		};
/* End PBXGroup section */

/* Begin PBXNativeTarget section */
		63B9FCFE23F878F200009FBF /* Flashcards */ = {
			isa = PBXNativeTarget;
			buildConfigurationList = 63B9FD2923F878F400009FBF /* Build configuration list for PBXNativeTarget "Flashcards" */;
			buildPhases = (
				63B9FCFB23F878F200009FBF /* Sources */,
				63B9FCFC23F878F200009FBF /* Frameworks */,
				63B9FCFD23F878F200009FBF /* Resources */,
			);
			buildRules = (
			);
			dependencies = (
			);
			name = Flashcards;
			productName = Flashcards;
			productReference = 63B9FCFF23F878F200009FBF /* Flashcards.app */;
			productType = "com.apple.product-type.application";
		};
		63B9FD1423F878F400009FBF /* FlashcardsTests */ = {
			isa = PBXNativeTarget;
			buildConfigurationList = 63B9FD2C23F878F400009FBF /* Build configuration list for PBXNativeTarget "FlashcardsTests" */;
			buildPhases = (
				63B9FD1123F878F400009FBF /* Sources */,
				63B9FD1223F878F400009FBF /* Frameworks */,
				63B9FD1323F878F400009FBF /* Resources */,
			);
			buildRules = (
			);
			dependencies = (
				63B9FD1723F878F400009FBF /* PBXTargetDependency */,
			);
			name = FlashcardsTests;
			productName = FlashcardsTests;
			productReference = 63B9FD1523F878F400009FBF /* FlashcardsTests.xctest */;
			productType = "com.apple.product-type.bundle.unit-test";
		};
		63B9FD1F23F878F400009FBF /* FlashcardsUITests */ = {
			isa = PBXNativeTarget;
			buildConfigurationList = 63B9FD2F23F878F400009FBF /* Build configuration list for PBXNativeTarget "FlashcardsUITests" */;
			buildPhases = (
				63B9FD1C23F878F400009FBF /* Sources */,
				63B9FD1D23F878F400009FBF /* Frameworks */,
				63B9FD1E23F878F400009FBF /* Resources */,
			);
			buildRules = (
			);
			dependencies = (
				63B9FD2223F878F400009FBF /* PBXTargetDependency */,
			);
			name = FlashcardsUITests;
			productName = FlashcardsUITests;
			productReference = 63B9FD2023F878F400009FBF /* FlashcardsUITests.xctest */;
			productType = "com.apple.product-type.bundle.ui-testing";
		};
/* End PBXNativeTarget section */

/* Begin PBXProject section */
		63B9FCF723F878F200009FBF /* Project object */ = {
			isa = PBXProject;
			attributes = {
				LastSwiftUpdateCheck = 1130;
				LastUpgradeCheck = 1130;
				ORGANIZATIONNAME = "Angel Velazquez";
				TargetAttributes = {
					63B9FCFE23F878F200009FBF = {
						CreatedOnToolsVersion = 11.3.1;
					};
					63B9FD1423F878F400009FBF = {
						CreatedOnToolsVersion = 11.3.1;
						TestTargetID = 63B9FCFE23F878F200009FBF;
					};
					63B9FD1F23F878F400009FBF = {
						CreatedOnToolsVersion = 11.3.1;
						TestTargetID = 63B9FCFE23F878F200009FBF;
					};
				};
			};
			buildConfigurationList = 63B9FCFA23F878F200009FBF /* Build configuration list for PBXProject "Flashcards" */;
			compatibilityVersion = "Xcode 9.3";
			developmentRegion = en;
			hasScannedForEncodings = 0;
			knownRegions = (
				en,
				Base,
			);
			mainGroup = 63B9FCF623F878F200009FBF;
			productRefGroup = 63B9FD0023F878F200009FBF /* Products */;
			projectDirPath = "";
			projectRoot = "";
			targets = (
				63B9FCFE23F878F200009FBF /* Flashcards */,
				63B9FD1423F878F400009FBF /* FlashcardsTests */,
				63B9FD1F23F878F400009FBF /* FlashcardsUITests */,
			);
		};
/* End PBXProject section */

/* Begin PBXResourcesBuildPhase section */
		63B9FCFD23F878F200009FBF /* Resources */ = {
			isa = PBXResourcesBuildPhase;
			buildActionMask = 2147483647;
			files = (
				63FDCFF123FF41DD00ACFD32 /* snorlaxFinal.jpg in Resources */,
				63B9FD0F23F878F300009FBF /* LaunchScreen.storyboard in Resources */,
				63B9FD0C23F878F300009FBF /* Assets.xcassets in Resources */,
				63B9FD0A23F878F200009FBF /* Main.storyboard in Resources */,
			);
			runOnlyForDeploymentPostprocessing = 0;
		};
		63B9FD1323F878F400009FBF /* Resources */ = {
			isa = PBXResourcesBuildPhase;
			buildActionMask = 2147483647;
			files = (
			);
			runOnlyForDeploymentPostprocessing = 0;
		};
		63B9FD1E23F878F400009FBF /* Resources */ = {
			isa = PBXResourcesBuildPhase;
			buildActionMask = 2147483647;
			files = (
			);
			runOnlyForDeploymentPostprocessing = 0;
		};
/* End PBXResourcesBuildPhase section */

/* Begin PBXSourcesBuildPhase section */
		63B9FCFB23F878F200009FBF /* Sources */ = {
			isa = PBXSourcesBuildPhase;
			buildActionMask = 2147483647;
			files = (
				63B9FD0723F878F200009FBF /* ViewController.swift in Sources */,
				63B9FD0323F878F200009FBF /* AppDelegate.swift in Sources */,
				63B9FD0523F878F200009FBF /* SceneDelegate.swift in Sources */,
			);
			runOnlyForDeploymentPostprocessing = 0;
		};
		63B9FD1123F878F400009FBF /* Sources */ = {
			isa = PBXSourcesBuildPhase;
			buildActionMask = 2147483647;
			files = (
				63B9FD1A23F878F400009FBF /* FlashcardsTests.swift in Sources */,
			);
			runOnlyForDeploymentPostprocessing = 0;
		};
		63B9FD1C23F878F400009FBF /* Sources */ = {
			isa = PBXSourcesBuildPhase;
			buildActionMask = 2147483647;
			files = (
				63B9FD2523F878F400009FBF /* FlashcardsUITests.swift in Sources */,
			);
			runOnlyForDeploymentPostprocessing = 0;
		};
/* End PBXSourcesBuildPhase section */

/* Begin PBXTargetDependency section */
		63B9FD1723F878F400009FBF /* PBXTargetDependency */ = {
			isa = PBXTargetDependency;
			target = 63B9FCFE23F878F200009FBF /* Flashcards */;
			targetProxy = 63B9FD1623F878F400009FBF /* PBXContainerItemProxy */;
		};
		63B9FD2223F878F400009FBF /* PBXTargetDependency */ = {
			isa = PBXTargetDependency;
			target = 63B9FCFE23F878F200009FBF /* Flashcards */;
			targetProxy = 63B9FD2123F878F400009FBF /* PBXContainerItemProxy */;
		};
/* End PBXTargetDependency section */

/* Begin PBXVariantGroup section */
		63B9FD0823F878F200009FBF /* Main.storyboard */ = {
			isa = PBXVariantGroup;
			children = (
				63B9FD0923F878F200009FBF /* Base */,
			);
			name = Main.storyboard;
			sourceTree = "<group>";
		};
		63B9FD0D23F878F300009FBF /* LaunchScreen.storyboard */ = {
			isa = PBXVariantGroup;
			children = (
				63B9FD0E23F878F300009FBF /* Base */,
			);
			name = LaunchScreen.storyboard;
			sourceTree = "<group>";
		};
/* End PBXVariantGroup section */

/* Begin XCBuildConfiguration section */
		63B9FD2723F878F400009FBF /* Debug */ = {
			isa = XCBuildConfiguration;
			buildSettings = {
				ALWAYS_SEARCH_USER_PATHS = NO;
				CLANG_ANALYZER_NONNULL = YES;
				CLANG_ANALYZER_NUMBER_OBJECT_CONVERSION = YES_AGGRESSIVE;
				CLANG_CXX_LANGUAGE_STANDARD = "gnu++14";
				CLANG_CXX_LIBRARY = "libc++";
				CLANG_ENABLE_MODULES = YES;
				CLANG_ENABLE_OBJC_ARC = YES;
				CLANG_ENABLE_OBJC_WEAK = YES;
				CLANG_WARN_BLOCK_CAPTURE_AUTORELEASING = YES;
				CLANG_WARN_BOOL_CONVERSION = YES;
				CLANG_WARN_COMMA = YES;
				CLANG_WARN_CONSTANT_CONVERSION = YES;
				CLANG_WARN_DEPRECATED_OBJC_IMPLEMENTATIONS = YES;
				CLANG_WARN_DIRECT_OBJC_ISA_USAGE = YES_ERROR;
				CLANG_WARN_DOCUMENTATION_COMMENTS = YES;
				CLANG_WARN_EMPTY_BODY = YES;
				CLANG_WARN_ENUM_CONVERSION = YES;
				CLANG_WARN_INFINITE_RECURSION = YES;
				CLANG_WARN_INT_CONVERSION = YES;
				CLANG_WARN_NON_LITERAL_NULL_CONVERSION = YES;
				CLANG_WARN_OBJC_IMPLICIT_RETAIN_SELF = YES;
				CLANG_WARN_OBJC_LITERAL_CONVERSION = YES;
				CLANG_WARN_OBJC_ROOT_CLASS = YES_ERROR;
				CLANG_WARN_RANGE_LOOP_ANALYSIS = YES;
				CLANG_WARN_STRICT_PROTOTYPES = YES;
				CLANG_WARN_SUSPICIOUS_MOVE = YES;
				CLANG_WARN_UNGUARDED_AVAILABILITY = YES_AGGRESSIVE;
				CLANG_WARN_UNREACHABLE_CODE = YES;
				CLANG_WARN__DUPLICATE_METHOD_MATCH = YES;
				COPY_PHASE_STRIP = NO;
				DEBUG_INFORMATION_FORMAT = dwarf;
				ENABLE_STRICT_OBJC_MSGSEND = YES;
				ENABLE_TESTABILITY = YES;
				GCC_C_LANGUAGE_STANDARD = gnu11;
				GCC_DYNAMIC_NO_PIC = NO;
				GCC_NO_COMMON_BLOCKS = YES;
				GCC_OPTIMIZATION_LEVEL = 0;
				GCC_PREPROCESSOR_DEFINITIONS = (
					"DEBUG=1",
					"$(inherited)",
				);
				GCC_WARN_64_TO_32_BIT_CONVERSION = YES;
				GCC_WARN_ABOUT_RETURN_TYPE = YES_ERROR;
				GCC_WARN_UNDECLARED_SELECTOR = YES;
				GCC_WARN_UNINITIALIZED_AUTOS = YES_AGGRESSIVE;
				GCC_WARN_UNUSED_FUNCTION = YES;
				GCC_WARN_UNUSED_VARIABLE = YES;
				IPHONEOS_DEPLOYMENT_TARGET = 13.2;
				MTL_ENABLE_DEBUG_INFO = INCLUDE_SOURCE;
				MTL_FAST_MATH = YES;
				ONLY_ACTIVE_ARCH = YES;
				SDKROOT = iphoneos;
				SWIFT_ACTIVE_COMPILATION_CONDITIONS = DEBUG;
				SWIFT_OPTIMIZATION_LEVEL = "-Onone";
			};
			name = Debug;
		};
		63B9FD2823F878F400009FBF /* Release */ = {
			isa = XCBuildConfiguration;
			buildSettings = {
				ALWAYS_SEARCH_USER_PATHS = NO;
				CLANG_ANALYZER_NONNULL = YES;
				CLANG_ANALYZER_NUMBER_OBJECT_CONVERSION = YES_AGGRESSIVE;
				CLANG_CXX_LANGUAGE_STANDARD = "gnu++14";
				CLANG_CXX_LIBRARY = "libc++";
				CLANG_ENABLE_MODULES = YES;
				CLANG_ENABLE_OBJC_ARC = YES;
				CLANG_ENABLE_OBJC_WEAK = YES;
				CLANG_WARN_BLOCK_CAPTURE_AUTORELEASING = YES;
				CLANG_WARN_BOOL_CONVERSION = YES;
				CLANG_WARN_COMMA = YES;
				CLANG_WARN_CONSTANT_CONVERSION = YES;
				CLANG_WARN_DEPRECATED_OBJC_IMPLEMENTATIONS = YES;
				CLANG_WARN_DIRECT_OBJC_ISA_USAGE = YES_ERROR;
				CLANG_WARN_DOCUMENTATION_COMMENTS = YES;
				CLANG_WARN_EMPTY_BODY = YES;
				CLANG_WARN_ENUM_CONVERSION = YES;
				CLANG_WARN_INFINITE_RECURSION = YES;
				CLANG_WARN_INT_CONVERSION = YES;
				CLANG_WARN_NON_LITERAL_NULL_CONVERSION = YES;
				CLANG_WARN_OBJC_IMPLICIT_RETAIN_SELF = YES;
				CLANG_WARN_OBJC_LITERAL_CONVERSION = YES;
				CLANG_WARN_OBJC_ROOT_CLASS = YES_ERROR;
				CLANG_WARN_RANGE_LOOP_ANALYSIS = YES;
				CLANG_WARN_STRICT_PROTOTYPES = YES;
				CLANG_WARN_SUSPICIOUS_MOVE = YES;
				CLANG_WARN_UNGUARDED_AVAILABILITY = YES_AGGRESSIVE;
				CLANG_WARN_UNREACHABLE_CODE = YES;
				CLANG_WARN__DUPLICATE_METHOD_MATCH = YES;
				COPY_PHASE_STRIP = NO;
				DEBUG_INFORMATION_FORMAT = "dwarf-with-dsym";
				ENABLE_NS_ASSERTIONS = NO;
				ENABLE_STRICT_OBJC_MSGSEND = YES;
				GCC_C_LANGUAGE_STANDARD = gnu11;
				GCC_NO_COMMON_BLOCKS = YES;
				GCC_WARN_64_TO_32_BIT_CONVERSION = YES;
				GCC_WARN_ABOUT_RETURN_TYPE = YES_ERROR;
				GCC_WARN_UNDECLARED_SELECTOR = YES;
				GCC_WARN_UNINITIALIZED_AUTOS = YES_AGGRESSIVE;
				GCC_WARN_UNUSED_FUNCTION = YES;
				GCC_WARN_UNUSED_VARIABLE = YES;
				IPHONEOS_DEPLOYMENT_TARGET = 13.2;
				MTL_ENABLE_DEBUG_INFO = NO;
				MTL_FAST_MATH = YES;
				SDKROOT = iphoneos;
				SWIFT_COMPILATION_MODE = wholemodule;
				SWIFT_OPTIMIZATION_LEVEL = "-O";
				VALIDATE_PRODUCT = YES;
			};
			name = Release;
		};
		63B9FD2A23F878F400009FBF /* Debug */ = {
			isa = XCBuildConfiguration;
			buildSettings = {
				ASSETCATALOG_COMPILER_APPICON_NAME = AppIcon;
				CODE_SIGN_STYLE = Automatic;
				DEVELOPMENT_TEAM = 4B93D8DC5Q;
				INFOPLIST_FILE = Flashcards/Info.plist;
				LD_RUNPATH_SEARCH_PATHS = (
					"$(inherited)",
					"@executable_path/Frameworks",
				);
				PRODUCT_BUNDLE_IDENTIFIER = com.Angel.Flashcards;
				PRODUCT_NAME = "$(TARGET_NAME)";
				SWIFT_VERSION = 5.0;
				TARGETED_DEVICE_FAMILY = "1,2";
			};
			name = Debug;
		};
		63B9FD2B23F878F400009FBF /* Release */ = {
			isa = XCBuildConfiguration;
			buildSettings = {
				ASSETCATALOG_COMPILER_APPICON_NAME = AppIcon;
				CODE_SIGN_STYLE = Automatic;
				DEVELOPMENT_TEAM = 4B93D8DC5Q;
				INFOPLIST_FILE = Flashcards/Info.plist;
				LD_RUNPATH_SEARCH_PATHS = (
					"$(inherited)",
					"@executable_path/Frameworks",
				);
				PRODUCT_BUNDLE_IDENTIFIER = com.Angel.Flashcards;
				PRODUCT_NAME = "$(TARGET_NAME)";
				SWIFT_VERSION = 5.0;
				TARGETED_DEVICE_FAMILY = "1,2";
			};
			name = Release;
		};
		63B9FD2D23F878F400009FBF /* Debug */ = {
			isa = XCBuildConfiguration;
			buildSettings = {
				ALWAYS_EMBED_SWIFT_STANDARD_LIBRARIES = YES;
				BUNDLE_LOADER = "$(TEST_HOST)";
				CODE_SIGN_STYLE = Automatic;
				DEVELOPMENT_TEAM = 4B93D8DC5Q;
				INFOPLIST_FILE = FlashcardsTests/Info.plist;
				IPHONEOS_DEPLOYMENT_TARGET = 13.2;
				LD_RUNPATH_SEARCH_PATHS = (
					"$(inherited)",
					"@executable_path/Frameworks",
					"@loader_path/Frameworks",
				);
				PRODUCT_BUNDLE_IDENTIFIER = com.Angel.FlashcardsTests;
				PRODUCT_NAME = "$(TARGET_NAME)";
				SWIFT_VERSION = 5.0;
				TARGETED_DEVICE_FAMILY = "1,2";
				TEST_HOST = "$(BUILT_PRODUCTS_DIR)/Flashcards.app/Flashcards";
			};
			name = Debug;
		};
		63B9FD2E23F878F400009FBF /* Release */ = {
			isa = XCBuildConfiguration;
			buildSettings = {
				ALWAYS_EMBED_SWIFT_STANDARD_LIBRARIES = YES;
				BUNDLE_LOADER = "$(TEST_HOST)";
				CODE_SIGN_STYLE = Automatic;
				DEVELOPMENT_TEAM = 4B93D8DC5Q;
				INFOPLIST_FILE = FlashcardsTests/Info.plist;
				IPHONEOS_DEPLOYMENT_TARGET = 13.2;
				LD_RUNPATH_SEARCH_PATHS = (
					"$(inherited)",
					"@executable_path/Frameworks",
					"@loader_path/Frameworks",
				);
				PRODUCT_BUNDLE_IDENTIFIER = com.Angel.FlashcardsTests;
				PRODUCT_NAME = "$(TARGET_NAME)";
				SWIFT_VERSION = 5.0;
				TARGETED_DEVICE_FAMILY = "1,2";
				TEST_HOST = "$(BUILT_PRODUCTS_DIR)/Flashcards.app/Flashcards";
			};
			name = Release;
		};
		63B9FD3023F878F400009FBF /* Debug */ = {
			isa = XCBuildConfiguration;
			buildSettings = {
				ALWAYS_EMBED_SWIFT_STANDARD_LIBRARIES = YES;
				CODE_SIGN_STYLE = Automatic;
				DEVELOPMENT_TEAM = 4B93D8DC5Q;
				INFOPLIST_FILE = FlashcardsUITests/Info.plist;
				LD_RUNPATH_SEARCH_PATHS = (
					"$(inherited)",
					"@executable_path/Frameworks",
					"@loader_path/Frameworks",
				);
				PRODUCT_BUNDLE_IDENTIFIER = com.Angel.FlashcardsUITests;
				PRODUCT_NAME = "$(TARGET_NAME)";
				SWIFT_VERSION = 5.0;
				TARGETED_DEVICE_FAMILY = "1,2";
				TEST_TARGET_NAME = Flashcards;
			};
			name = Debug;
		};
		63B9FD3123F878F400009FBF /* Release */ = {
			isa = XCBuildConfiguration;
			buildSettings = {
				ALWAYS_EMBED_SWIFT_STANDARD_LIBRARIES = YES;
				CODE_SIGN_STYLE = Automatic;
				DEVELOPMENT_TEAM = 4B93D8DC5Q;
				INFOPLIST_FILE = FlashcardsUITests/Info.plist;
				LD_RUNPATH_SEARCH_PATHS = (
					"$(inherited)",
					"@executable_path/Frameworks",
					"@loader_path/Frameworks",
				);
				PRODUCT_BUNDLE_IDENTIFIER = com.Angel.FlashcardsUITests;
				PRODUCT_NAME = "$(TARGET_NAME)";
				SWIFT_VERSION = 5.0;
				TARGETED_DEVICE_FAMILY = "1,2";
				TEST_TARGET_NAME = Flashcards;
			};
			name = Release;
		};
/* End XCBuildConfiguration section */

/* Begin XCConfigurationList section */
		63B9FCFA23F878F200009FBF /* Build configuration list for PBXProject "Flashcards" */ = {
			isa = XCConfigurationList;
			buildConfigurations = (
				63B9FD2723F878F400009FBF /* Debug */,
				63B9FD2823F878F400009FBF /* Release */,
			);
			defaultConfigurationIsVisible = 0;
			defaultConfigurationName = Release;
		};
		63B9FD2923F878F400009FBF /* Build configuration list for PBXNativeTarget "Flashcards" */ = {
			isa = XCConfigurationList;
			buildConfigurations = (
				63B9FD2A23F878F400009FBF /* Debug */,
				63B9FD2B23F878F400009FBF /* Release */,
			);
			defaultConfigurationIsVisible = 0;
			defaultConfigurationName = Release;
		};
		63B9FD2C23F878F400009FBF /* Build configuration list for PBXNativeTarget "FlashcardsTests" */ = {
			isa = XCConfigurationList;
			buildConfigurations = (
				63B9FD2D23F878F400009FBF /* Debug */,
				63B9FD2E23F878F400009FBF /* Release */,
			);
			defaultConfigurationIsVisible = 0;
			defaultConfigurationName = Release;
		};
		63B9FD2F23F878F400009FBF /* Build configuration list for PBXNativeTarget "FlashcardsUITests" */ = {
			isa = XCConfigurationList;
			buildConfigurations = (
				63B9FD3023F878F400009FBF /* Debug */,
				63B9FD3123F878F400009FBF /* Release */,
			);
			defaultConfigurationIsVisible = 0;
			defaultConfigurationName = Release;
		};
/* End XCConfigurationList section */
	};
	rootObject = 63B9FCF723F878F200009FBF /* Project object */;
}
